
Microsoft Visual Studio Solution File, Format Version 12.00
# Visual Studio Version 16
VisualStudioVersion = 16.0.33214.272
MinimumVisualStudioVersion = 10.0.40219.1
Project("{8BC9CEB8-8B4A-11D0-8D11-00A0C91BC942}") = "ITMO.Cpp.Lab1", "ITMO.Cpp.Lab1\ITMO.Cpp.Lab1.vcxproj", "{9C8B98EE-53D4-4EB4-9854-D88A8D6B2C34}"
EndProject
Project("{8BC9CEB8-8B4A-11D0-8D11-00A0C91BC942}") = "ITMO.Cpp.Lab2.1", "ITMO.Cpp.Lab2.1\ITMO.Cpp.Lab2.1.vcxproj", "{B6B56A9C-C2A4-413C-8575-B34E3D27B691}"
EndProject
Project("{8BC9CEB8-8B4A-11D0-8D11-00A0C91BC942}") = "ITMO.Cpp.Lab2.2", "ITMO.Cpp.Lab2.2\ITMO.Cpp.Lab2.2.vcxproj", "{B32E9D71-07B9-4AAE-A51E-07726FCC8202}"
EndProject
Project("{8BC9CEB8-8B4A-11D0-8D11-00A0C91BC942}") = "ITMO.Cpp.Lab2.3", "ITMO.Cpp.Lab2.3\ITMO.Cpp.Lab2.3.vcxproj", "{D03AC579-FF0C-4A85-94D3-F564025AB582}"
EndProject
Project("{8BC9CEB8-8B4A-11D0-8D11-00A0C91BC942}") = "ITMO.Cpp.Lab2.4", "ITMO.Cpp.Lab2.4\ITMO.Cpp.Lab2.4.vcxproj", "{2D05AA91-665E-4B37-A7E5-48BAD775B957}"
EndProject
Project("{8BC9CEB8-8B4A-11D0-8D11-00A0C91BC942}") = "ITMO.Cpp.Lab3.1", "ITMO.Cpp.Lab3.1\ITMO.Cpp.Lab3.1.vcxproj", "{E1359789-FD56-4284-8F40-1D5F0C46A26F}"
EndProject
Project("{8BC9CEB8-8B4A-11D0-8D11-00A0C91BC942}") = "ITMO.Cpp.Lab3.2", "ITMO.Cpp.Lab3.2\ITMO.Cpp.Lab3.2.vcxproj", "{F886C45F-19C1-47B7-A134-2872ED733EA5}"
EndProject
Project("{8BC9CEB8-8B4A-11D0-8D11-00A0C91BC942}") = "ITMO.Cpp.Lab3.3", "ITMO.Cpp.Lab3.3\ITMO.Cpp.Lab3.3.vcxproj", "{F9262449-214E-459A-86B0-B8F5DC6E6B04}"
EndProject
Project("{8BC9CEB8-8B4A-11D0-8D11-00A0C91BC942}") = "ITMO.Cpp.Lab3.4", "ITMO.Cpp.Lab3.4\ITMO.Cpp.Lab3.4.vcxproj", "{2939BFA3-3D7B-4FC8-B7C9-13D1B8C67F01}"
EndProject
Project("{8BC9CEB8-8B4A-11D0-8D11-00A0C91BC942}") = "ITMO.Cpp.Lab3.5", "ITMO.Cpp.Lab3.5\ITMO.Cpp.Lab3.5.vcxproj", "{651F2F5F-36F9-4148-9DCE-7F4BE1A401C9}"
EndProject
Project("{8BC9CEB8-8B4A-11D0-8D11-00A0C91BC942}") = "ITMO.Cpp.Lab4.1", "ITMO.Cpp.Lab4.1\ITMO.Cpp.Lab4.1.vcxproj", "{237BD06F-061F-4789-96F1-5A1679BE16D6}"
EndProject
Project("{8BC9CEB8-8B4A-11D0-8D11-00A0C91BC942}") = "ITMO.Cpp.Lab4.2", "ITMO.Cpp.Lab4.2\ITMO.Cpp.Lab4.2.vcxproj", "{10876267-7914-4AA3-BC6F-E33A5ABF1C8C}"
EndProject
Project("{8BC9CEB8-8B4A-11D0-8D11-00A0C91BC942}") = "ITMO.Cpp.Lab5.1", "ITMO.Cpp.Lab5.1\ITMO.Cpp.Lab5.1.vcxproj", "{DC0DB590-630F-41B3-B07F-A94D20527018}"
EndProject
Project("{8BC9CEB8-8B4A-11D0-8D11-00A0C91BC942}") = "ITMO.Cpp.Lab5.2", "ITMO.Cpp.Lab5.2\ITMO.Cpp.Lab5.2.vcxproj", "{3960F6B1-91FC-49E1-8D85-D5B471FBBDAC}"
EndProject
Project("{8BC9CEB8-8B4A-11D0-8D11-00A0C91BC942}") = "ITMO.Cpp.Lab5.3", "ITMO.Cpp.Lab5.3\ITMO.Cpp.Lab5.3.vcxproj", "{19EBB4B7-5542-409F-9951-1C8200584DA3}"
EndProject
Project("{8BC9CEB8-8B4A-11D0-8D11-00A0C91BC942}") = "ITMO.Cpp.Lab5.4", "ITMO.Cpp.Lab5.4\ITMO.Cpp.Lab5.4.vcxproj", "{1EAE7A62-58B3-4599-B0E3-332C85696748}"
EndProject
Project("{8BC9CEB8-8B4A-11D0-8D11-00A0C91BC942}") = "ITMO.Cpp.Lab6.1", "ITMO.Cpp.Lab6.1\ITMO.Cpp.Lab6.1.vcxproj", "{9421F620-C57E-4C2B-980E-921F800A0F1A}"
EndProject
Project("{8BC9CEB8-8B4A-11D0-8D11-00A0C91BC942}") = "ITMO.Cpp.Lab6.2", "ITMO.Cpp.Lab6.2\ITMO.Cpp.Lab6.2.vcxproj", "{2058BFA8-D904-4822-A0DA-0FDBC1A3AB41}"
EndProject
Project("{8BC9CEB8-8B4A-11D0-8D11-00A0C91BC942}") = "ITMO.Cpp.Lab6.3", "ITMO.Cpp.Lab6.3\ITMO.Cpp.Lab6.3.vcxproj", "{AA7754E2-250D-4EFB-B341-3C6DBC72A984}"
EndProject
Project("{8BC9CEB8-8B4A-11D0-8D11-00A0C91BC942}") = "ITMO.Cpp.Lab7.1", "ITMO.Cpp.Lab7.1\ITMO.Cpp.Lab7.1.vcxproj", "{7E6C9FB1-D261-459F-8D36-24F21F878384}"
EndProject
Project("{8BC9CEB8-8B4A-11D0-8D11-00A0C91BC942}") = "ITMO.Cpp.Lab7.2", "ITMO.Cpp.Lab7.2\ITMO.Cpp.Lab7.2.vcxproj", "{0C8E2A08-8C4E-4AA0-9DC5-5AB600A1620C}"
EndProject
Project("{8BC9CEB8-8B4A-11D0-8D11-00A0C91BC942}") = "ITMO.Cpp.Lab7.3", "ITMO.Cpp.Lab7.3\ITMO.Cpp.Lab7.3.vcxproj", "{A518DF6D-F597-439B-8678-C860CB30A999}"
EndProject
Project("{8BC9CEB8-8B4A-11D0-8D11-00A0C91BC942}") = "ITMO.Cpp.Lab8.1", "ITMO.Cpp.Lab8.1\ITMO.Cpp.Lab8.1.vcxproj", "{130E64F9-7218-41BF-B250-C81F8523F839}"
EndProject
Project("{8BC9CEB8-8B4A-11D0-8D11-00A0C91BC942}") = "ITMO.Cpp.Lab9.1", "ITMO.Cpp.Lab9.1\ITMO.Cpp.Lab9.1.vcxproj", "{9709EF11-A7E7-45BE-A7B0-43D476CD7344}"
EndProject
Project("{8BC9CEB8-8B4A-11D0-8D11-00A0C91BC942}") = "ITMO.Cpp.Lab9.2", "ITMO.Cpp.Lab9.2\ITMO.Cpp.Lab9.2.vcxproj", "{5EAEC67E-8893-4335-B0C8-51D9651A6B4C}"
EndProject
Project("{8BC9CEB8-8B4A-11D0-8D11-00A0C91BC942}") = "ITMO.Cpp.Lab10.1", "ITMO.Cpp.Lab10.1\ITMO.Cpp.Lab10.1.vcxproj", "{B4A7F5AD-748E-464F-A320-0CD5C6F6A7D8}"
EndProject
Project("{8BC9CEB8-8B4A-11D0-8D11-00A0C91BC942}") = "ITMO.Cpp.Lab11.1", "ITMO.Cpp.Lab11.1\ITMO.Cpp.Lab11.1.vcxproj", "{FB2BB6CC-6B1D-49B9-842E-093F13D9A28B}"
EndProject
Project("{8BC9CEB8-8B4A-11D0-8D11-00A0C91BC942}") = "ITMO.Cpp.Lab11.2", "ITMO.Cpp.Lab11.2\ITMO.Cpp.Lab11.2.vcxproj", "{F8A72890-AF5E-4422-8EEB-4EF154DDE34B}"
EndProject
Project("{8BC9CEB8-8B4A-11D0-8D11-00A0C91BC942}") = "ITMO.Cpp.ExamApp.AdressBook", "ITMO.Cpp.ExamApp.AdressBook\ITMO.Cpp.ExamApp.AdressBook.vcxproj", "{CB0FF369-FBAF-45A2-B15E-87B9CA365C58}"
EndProject
Global
	GlobalSection(SolutionConfigurationPlatforms) = preSolution
		Debug|x64 = Debug|x64
		Debug|x86 = Debug|x86
		Release|x64 = Release|x64
		Release|x86 = Release|x86
	EndGlobalSection
	GlobalSection(ProjectConfigurationPlatforms) = postSolution
		{9C8B98EE-53D4-4EB4-9854-D88A8D6B2C34}.Debug|x64.ActiveCfg = Debug|x64
		{9C8B98EE-53D4-4EB4-9854-D88A8D6B2C34}.Debug|x64.Build.0 = Debug|x64
		{9C8B98EE-53D4-4EB4-9854-D88A8D6B2C34}.Debug|x86.ActiveCfg = Debug|Win32
		{9C8B98EE-53D4-4EB4-9854-D88A8D6B2C34}.Debug|x86.Build.0 = Debug|Win32
		{9C8B98EE-53D4-4EB4-9854-D88A8D6B2C34}.Release|x64.ActiveCfg = Release|x64
		{9C8B98EE-53D4-4EB4-9854-D88A8D6B2C34}.Release|x64.Build.0 = Release|x64
		{9C8B98EE-53D4-4EB4-9854-D88A8D6B2C34}.Release|x86.ActiveCfg = Release|Win32
		{9C8B98EE-53D4-4EB4-9854-D88A8D6B2C34}.Release|x86.Build.0 = Release|Win32
		{B6B56A9C-C2A4-413C-8575-B34E3D27B691}.Debug|x64.ActiveCfg = Debug|x64
		{B6B56A9C-C2A4-413C-8575-B34E3D27B691}.Debug|x64.Build.0 = Debug|x64
		{B6B56A9C-C2A4-413C-8575-B34E3D27B691}.Debug|x86.ActiveCfg = Debug|Win32
		{B6B56A9C-C2A4-413C-8575-B34E3D27B691}.Debug|x86.Build.0 = Debug|Win32
		{B6B56A9C-C2A4-413C-8575-B34E3D27B691}.Release|x64.ActiveCfg = Release|x64
		{B6B56A9C-C2A4-413C-8575-B34E3D27B691}.Release|x64.Build.0 = Release|x64
		{B6B56A9C-C2A4-413C-8575-B34E3D27B691}.Release|x86.ActiveCfg = Release|Win32
		{B6B56A9C-C2A4-413C-8575-B34E3D27B691}.Release|x86.Build.0 = Release|Win32
		{B32E9D71-07B9-4AAE-A51E-07726FCC8202}.Debug|x64.ActiveCfg = Debug|x64
		{B32E9D71-07B9-4AAE-A51E-07726FCC8202}.Debug|x64.Build.0 = Debug|x64
		{B32E9D71-07B9-4AAE-A51E-07726FCC8202}.Debug|x86.ActiveCfg = Debug|Win32
		{B32E9D71-07B9-4AAE-A51E-07726FCC8202}.Debug|x86.Build.0 = Debug|Win32
		{B32E9D71-07B9-4AAE-A51E-07726FCC8202}.Release|x64.ActiveCfg = Release|x64
		{B32E9D71-07B9-4AAE-A51E-07726FCC8202}.Release|x64.Build.0 = Release|x64
		{B32E9D71-07B9-4AAE-A51E-07726FCC8202}.Release|x86.ActiveCfg = Release|Win32
		{B32E9D71-07B9-4AAE-A51E-07726FCC8202}.Release|x86.Build.0 = Release|Win32
		{D03AC579-FF0C-4A85-94D3-F564025AB582}.Debug|x64.ActiveCfg = Debug|x64
		{D03AC579-FF0C-4A85-94D3-F564025AB582}.Debug|x64.Build.0 = Debug|x64
		{D03AC579-FF0C-4A85-94D3-F564025AB582}.Debug|x86.ActiveCfg = Debug|Win32
		{D03AC579-FF0C-4A85-94D3-F564025AB582}.Debug|x86.Build.0 = Debug|Win32
		{D03AC579-FF0C-4A85-94D3-F564025AB582}.Release|x64.ActiveCfg = Release|x64
		{D03AC579-FF0C-4A85-94D3-F564025AB582}.Release|x64.Build.0 = Release|x64
		{D03AC579-FF0C-4A85-94D3-F564025AB582}.Release|x86.ActiveCfg = Release|Win32
		{D03AC579-FF0C-4A85-94D3-F564025AB582}.Release|x86.Build.0 = Release|Win32
		{2D05AA91-665E-4B37-A7E5-48BAD775B957}.Debug|x64.ActiveCfg = Debug|x64
		{2D05AA91-665E-4B37-A7E5-48BAD775B957}.Debug|x64.Build.0 = Debug|x64
		{2D05AA91-665E-4B37-A7E5-48BAD775B957}.Debug|x86.ActiveCfg = Debug|Win32
		{2D05AA91-665E-4B37-A7E5-48BAD775B957}.Debug|x86.Build.0 = Debug|Win32
		{2D05AA91-665E-4B37-A7E5-48BAD775B957}.Release|x64.ActiveCfg = Release|x64
		{2D05AA91-665E-4B37-A7E5-48BAD775B957}.Release|x64.Build.0 = Release|x64
		{2D05AA91-665E-4B37-A7E5-48BAD775B957}.Release|x86.ActiveCfg = Release|Win32
		{2D05AA91-665E-4B37-A7E5-48BAD775B957}.Release|x86.Build.0 = Release|Win32
		{E1359789-FD56-4284-8F40-1D5F0C46A26F}.Debug|x64.ActiveCfg = Debug|x64
		{E1359789-FD56-4284-8F40-1D5F0C46A26F}.Debug|x64.Build.0 = Debug|x64
		{E1359789-FD56-4284-8F40-1D5F0C46A26F}.Debug|x86.ActiveCfg = Debug|Win32
		{E1359789-FD56-4284-8F40-1D5F0C46A26F}.Debug|x86.Build.0 = Debug|Win32
		{E1359789-FD56-4284-8F40-1D5F0C46A26F}.Release|x64.ActiveCfg = Release|x64
		{E1359789-FD56-4284-8F40-1D5F0C46A26F}.Release|x64.Build.0 = Release|x64
		{E1359789-FD56-4284-8F40-1D5F0C46A26F}.Release|x86.ActiveCfg = Release|Win32
		{E1359789-FD56-4284-8F40-1D5F0C46A26F}.Release|x86.Build.0 = Release|Win32
		{F886C45F-19C1-47B7-A134-2872ED733EA5}.Debug|x64.ActiveCfg = Debug|x64
		{F886C45F-19C1-47B7-A134-2872ED733EA5}.Debug|x64.Build.0 = Debug|x64
		{F886C45F-19C1-47B7-A134-2872ED733EA5}.Debug|x86.ActiveCfg = Debug|Win32
		{F886C45F-19C1-47B7-A134-2872ED733EA5}.Debug|x86.Build.0 = Debug|Win32
		{F886C45F-19C1-47B7-A134-2872ED733EA5}.Release|x64.ActiveCfg = Release|x64
		{F886C45F-19C1-47B7-A134-2872ED733EA5}.Release|x64.Build.0 = Release|x64
		{F886C45F-19C1-47B7-A134-2872ED733EA5}.Release|x86.ActiveCfg = Release|Win32
		{F886C45F-19C1-47B7-A134-2872ED733EA5}.Release|x86.Build.0 = Release|Win32
		{F9262449-214E-459A-86B0-B8F5DC6E6B04}.Debug|x64.ActiveCfg = Debug|x64
		{F9262449-214E-459A-86B0-B8F5DC6E6B04}.Debug|x64.Build.0 = Debug|x64
		{F9262449-214E-459A-86B0-B8F5DC6E6B04}.Debug|x86.ActiveCfg = Debug|Win32
		{F9262449-214E-459A-86B0-B8F5DC6E6B04}.Debug|x86.Build.0 = Debug|Win32
		{F9262449-214E-459A-86B0-B8F5DC6E6B04}.Release|x64.ActiveCfg = Release|x64
		{F9262449-214E-459A-86B0-B8F5DC6E6B04}.Release|x64.Build.0 = Release|x64
		{F9262449-214E-459A-86B0-B8F5DC6E6B04}.Release|x86.ActiveCfg = Release|Win32
		{F9262449-214E-459A-86B0-B8F5DC6E6B04}.Release|x86.Build.0 = Release|Win32
		{2939BFA3-3D7B-4FC8-B7C9-13D1B8C67F01}.Debug|x64.ActiveCfg = Debug|x64
		{2939BFA3-3D7B-4FC8-B7C9-13D1B8C67F01}.Debug|x64.Build.0 = Debug|x64
		{2939BFA3-3D7B-4FC8-B7C9-13D1B8C67F01}.Debug|x86.ActiveCfg = Debug|Win32
		{2939BFA3-3D7B-4FC8-B7C9-13D1B8C67F01}.Debug|x86.Build.0 = Debug|Win32
		{2939BFA3-3D7B-4FC8-B7C9-13D1B8C67F01}.Release|x64.ActiveCfg = Release|x64
		{2939BFA3-3D7B-4FC8-B7C9-13D1B8C67F01}.Release|x64.Build.0 = Release|x64
		{2939BFA3-3D7B-4FC8-B7C9-13D1B8C67F01}.Release|x86.ActiveCfg = Release|Win32
		{2939BFA3-3D7B-4FC8-B7C9-13D1B8C67F01}.Release|x86.Build.0 = Release|Win32
		{651F2F5F-36F9-4148-9DCE-7F4BE1A401C9}.Debug|x64.ActiveCfg = Debug|x64
		{651F2F5F-36F9-4148-9DCE-7F4BE1A401C9}.Debug|x64.Build.0 = Debug|x64
		{651F2F5F-36F9-4148-9DCE-7F4BE1A401C9}.Debug|x86.ActiveCfg = Debug|Win32
		{651F2F5F-36F9-4148-9DCE-7F4BE1A401C9}.Debug|x86.Build.0 = Debug|Win32
		{651F2F5F-36F9-4148-9DCE-7F4BE1A401C9}.Release|x64.ActiveCfg = Release|x64
		{651F2F5F-36F9-4148-9DCE-7F4BE1A401C9}.Release|x64.Build.0 = Release|x64
		{651F2F5F-36F9-4148-9DCE-7F4BE1A401C9}.Release|x86.ActiveCfg = Release|Win32
		{651F2F5F-36F9-4148-9DCE-7F4BE1A401C9}.Release|x86.Build.0 = Release|Win32
		{237BD06F-061F-4789-96F1-5A1679BE16D6}.Debug|x64.ActiveCfg = Debug|x64
		{237BD06F-061F-4789-96F1-5A1679BE16D6}.Debug|x64.Build.0 = Debug|x64
		{237BD06F-061F-4789-96F1-5A1679BE16D6}.Debug|x86.ActiveCfg = Debug|Win32
		{237BD06F-061F-4789-96F1-5A1679BE16D6}.Debug|x86.Build.0 = Debug|Win32
		{237BD06F-061F-4789-96F1-5A1679BE16D6}.Release|x64.ActiveCfg = Release|x64
		{237BD06F-061F-4789-96F1-5A1679BE16D6}.Release|x64.Build.0 = Release|x64
		{237BD06F-061F-4789-96F1-5A1679BE16D6}.Release|x86.ActiveCfg = Release|Win32
		{237BD06F-061F-4789-96F1-5A1679BE16D6}.Release|x86.Build.0 = Release|Win32
		{10876267-7914-4AA3-BC6F-E33A5ABF1C8C}.Debug|x64.ActiveCfg = Debug|x64
		{10876267-7914-4AA3-BC6F-E33A5ABF1C8C}.Debug|x64.Build.0 = Debug|x64
		{10876267-7914-4AA3-BC6F-E33A5ABF1C8C}.Debug|x86.ActiveCfg = Debug|Win32
		{10876267-7914-4AA3-BC6F-E33A5ABF1C8C}.Debug|x86.Build.0 = Debug|Win32
		{10876267-7914-4AA3-BC6F-E33A5ABF1C8C}.Release|x64.ActiveCfg = Release|x64
		{10876267-7914-4AA3-BC6F-E33A5ABF1C8C}.Release|x64.Build.0 = Release|x64
		{10876267-7914-4AA3-BC6F-E33A5ABF1C8C}.Release|x86.ActiveCfg = Release|Win32
		{10876267-7914-4AA3-BC6F-E33A5ABF1C8C}.Release|x86.Build.0 = Release|Win32
		{DC0DB590-630F-41B3-B07F-A94D20527018}.Debug|x64.ActiveCfg = Debug|x64
		{DC0DB590-630F-41B3-B07F-A94D20527018}.Debug|x64.Build.0 = Debug|x64
		{DC0DB590-630F-41B3-B07F-A94D20527018}.Debug|x86.ActiveCfg = Debug|Win32
		{DC0DB590-630F-41B3-B07F-A94D20527018}.Debug|x86.Build.0 = Debug|Win32
		{DC0DB590-630F-41B3-B07F-A94D20527018}.Release|x64.ActiveCfg = Release|x64
		{DC0DB590-630F-41B3-B07F-A94D20527018}.Release|x64.Build.0 = Release|x64
		{DC0DB590-630F-41B3-B07F-A94D20527018}.Release|x86.ActiveCfg = Release|Win32
		{DC0DB590-630F-41B3-B07F-A94D20527018}.Release|x86.Build.0 = Release|Win32
		{3960F6B1-91FC-49E1-8D85-D5B471FBBDAC}.Debug|x64.ActiveCfg = Debug|x64
		{3960F6B1-91FC-49E1-8D85-D5B471FBBDAC}.Debug|x64.Build.0 = Debug|x64
		{3960F6B1-91FC-49E1-8D85-D5B471FBBDAC}.Debug|x86.ActiveCfg = Debug|Win32
		{3960F6B1-91FC-49E1-8D85-D5B471FBBDAC}.Debug|x86.Build.0 = Debug|Win32
		{3960F6B1-91FC-49E1-8D85-D5B471FBBDAC}.Release|x64.ActiveCfg = Release|x64
		{3960F6B1-91FC-49E1-8D85-D5B471FBBDAC}.Release|x64.Build.0 = Release|x64
		{3960F6B1-91FC-49E1-8D85-D5B471FBBDAC}.Release|x86.ActiveCfg = Release|Win32
		{3960F6B1-91FC-49E1-8D85-D5B471FBBDAC}.Release|x86.Build.0 = Release|Win32
		{19EBB4B7-5542-409F-9951-1C8200584DA3}.Debug|x64.ActiveCfg = Debug|x64
		{19EBB4B7-5542-409F-9951-1C8200584DA3}.Debug|x64.Build.0 = Debug|x64
		{19EBB4B7-5542-409F-9951-1C8200584DA3}.Debug|x86.ActiveCfg = Debug|Win32
		{19EBB4B7-5542-409F-9951-1C8200584DA3}.Debug|x86.Build.0 = Debug|Win32
		{19EBB4B7-5542-409F-9951-1C8200584DA3}.Release|x64.ActiveCfg = Release|x64
		{19EBB4B7-5542-409F-9951-1C8200584DA3}.Release|x64.Build.0 = Release|x64
		{19EBB4B7-5542-409F-9951-1C8200584DA3}.Release|x86.ActiveCfg = Release|Win32
		{19EBB4B7-5542-409F-9951-1C8200584DA3}.Release|x86.Build.0 = Release|Win32
		{1EAE7A62-58B3-4599-B0E3-332C85696748}.Debug|x64.ActiveCfg = Debug|x64
		{1EAE7A62-58B3-4599-B0E3-332C85696748}.Debug|x64.Build.0 = Debug|x64
		{1EAE7A62-58B3-4599-B0E3-332C85696748}.Debug|x86.ActiveCfg = Debug|Win32
		{1EAE7A62-58B3-4599-B0E3-332C85696748}.Debug|x86.Build.0 = Debug|Win32
		{1EAE7A62-58B3-4599-B0E3-332C85696748}.Release|x64.ActiveCfg = Release|x64
		{1EAE7A62-58B3-4599-B0E3-332C85696748}.Release|x64.Build.0 = Release|x64
		{1EAE7A62-58B3-4599-B0E3-332C85696748}.Release|x86.ActiveCfg = Release|Win32
		{1EAE7A62-58B3-4599-B0E3-332C85696748}.Release|x86.Build.0 = Release|Win32
		{9421F620-C57E-4C2B-980E-921F800A0F1A}.Debug|x64.ActiveCfg = Debug|x64
		{9421F620-C57E-4C2B-980E-921F800A0F1A}.Debug|x64.Build.0 = Debug|x64
		{9421F620-C57E-4C2B-980E-921F800A0F1A}.Debug|x86.ActiveCfg = Debug|Win32
		{9421F620-C57E-4C2B-980E-921F800A0F1A}.Debug|x86.Build.0 = Debug|Win32
		{9421F620-C57E-4C2B-980E-921F800A0F1A}.Release|x64.ActiveCfg = Release|x64
		{9421F620-C57E-4C2B-980E-921F800A0F1A}.Release|x64.Build.0 = Release|x64
		{9421F620-C57E-4C2B-980E-921F800A0F1A}.Release|x86.ActiveCfg = Release|Win32
		{9421F620-C57E-4C2B-980E-921F800A0F1A}.Release|x86.Build.0 = Release|Win32
		{2058BFA8-D904-4822-A0DA-0FDBC1A3AB41}.Debug|x64.ActiveCfg = Debug|x64
		{2058BFA8-D904-4822-A0DA-0FDBC1A3AB41}.Debug|x64.Build.0 = Debug|x64
		{2058BFA8-D904-4822-A0DA-0FDBC1A3AB41}.Debug|x86.ActiveCfg = Debug|Win32
		{2058BFA8-D904-4822-A0DA-0FDBC1A3AB41}.Debug|x86.Build.0 = Debug|Win32
		{2058BFA8-D904-4822-A0DA-0FDBC1A3AB41}.Release|x64.ActiveCfg = Release|x64
		{2058BFA8-D904-4822-A0DA-0FDBC1A3AB41}.Release|x64.Build.0 = Release|x64
		{2058BFA8-D904-4822-A0DA-0FDBC1A3AB41}.Release|x86.ActiveCfg = Release|Win32
		{2058BFA8-D904-4822-A0DA-0FDBC1A3AB41}.Release|x86.Build.0 = Release|Win32
		{AA7754E2-250D-4EFB-B341-3C6DBC72A984}.Debug|x64.ActiveCfg = Debug|x64
		{AA7754E2-250D-4EFB-B341-3C6DBC72A984}.Debug|x64.Build.0 = Debug|x64
		{AA7754E2-250D-4EFB-B341-3C6DBC72A984}.Debug|x86.ActiveCfg = Debug|Win32
		{AA7754E2-250D-4EFB-B341-3C6DBC72A984}.Debug|x86.Build.0 = Debug|Win32
		{AA7754E2-250D-4EFB-B341-3C6DBC72A984}.Release|x64.ActiveCfg = Release|x64
		{AA7754E2-250D-4EFB-B341-3C6DBC72A984}.Release|x64.Build.0 = Release|x64
		{AA7754E2-250D-4EFB-B341-3C6DBC72A984}.Release|x86.ActiveCfg = Release|Win32
		{AA7754E2-250D-4EFB-B341-3C6DBC72A984}.Release|x86.Build.0 = Release|Win32
		{7E6C9FB1-D261-459F-8D36-24F21F878384}.Debug|x64.ActiveCfg = Debug|x64
		{7E6C9FB1-D261-459F-8D36-24F21F878384}.Debug|x64.Build.0 = Debug|x64
		{7E6C9FB1-D261-459F-8D36-24F21F878384}.Debug|x86.ActiveCfg = Debug|Win32
		{7E6C9FB1-D261-459F-8D36-24F21F878384}.Debug|x86.Build.0 = Debug|Win32
		{7E6C9FB1-D261-459F-8D36-24F21F878384}.Release|x64.ActiveCfg = Release|x64
		{7E6C9FB1-D261-459F-8D36-24F21F878384}.Release|x64.Build.0 = Release|x64
		{7E6C9FB1-D261-459F-8D36-24F21F878384}.Release|x86.ActiveCfg = Release|Win32
		{7E6C9FB1-D261-459F-8D36-24F21F878384}.Release|x86.Build.0 = Release|Win32
		{0C8E2A08-8C4E-4AA0-9DC5-5AB600A1620C}.Debug|x64.ActiveCfg = Debug|x64
		{0C8E2A08-8C4E-4AA0-9DC5-5AB600A1620C}.Debug|x64.Build.0 = Debug|x64
		{0C8E2A08-8C4E-4AA0-9DC5-5AB600A1620C}.Debug|x86.ActiveCfg = Debug|Win32
		{0C8E2A08-8C4E-4AA0-9DC5-5AB600A1620C}.Debug|x86.Build.0 = Debug|Win32
		{0C8E2A08-8C4E-4AA0-9DC5-5AB600A1620C}.Release|x64.ActiveCfg = Release|x64
		{0C8E2A08-8C4E-4AA0-9DC5-5AB600A1620C}.Release|x64.Build.0 = Release|x64
		{0C8E2A08-8C4E-4AA0-9DC5-5AB600A1620C}.Release|x86.ActiveCfg = Release|Win32
		{0C8E2A08-8C4E-4AA0-9DC5-5AB600A1620C}.Release|x86.Build.0 = Release|Win32
		{A518DF6D-F597-439B-8678-C860CB30A999}.Debug|x64.ActiveCfg = Debug|x64
		{A518DF6D-F597-439B-8678-C860CB30A999}.Debug|x64.Build.0 = Debug|x64
		{A518DF6D-F597-439B-8678-C860CB30A999}.Debug|x86.ActiveCfg = Debug|Win32
		{A518DF6D-F597-439B-8678-C860CB30A999}.Debug|x86.Build.0 = Debug|Win32
		{A518DF6D-F597-439B-8678-C860CB30A999}.Release|x64.ActiveCfg = Release|x64
		{A518DF6D-F597-439B-8678-C860CB30A999}.Release|x64.Build.0 = Release|x64
		{A518DF6D-F597-439B-8678-C860CB30A999}.Release|x86.ActiveCfg = Release|Win32
		{A518DF6D-F597-439B-8678-C860CB30A999}.Release|x86.Build.0 = Release|Win32
		{130E64F9-7218-41BF-B250-C81F8523F839}.Debug|x64.ActiveCfg = Debug|x64
		{130E64F9-7218-41BF-B250-C81F8523F839}.Debug|x64.Build.0 = Debug|x64
		{130E64F9-7218-41BF-B250-C81F8523F839}.Debug|x86.ActiveCfg = Debug|Win32
		{130E64F9-7218-41BF-B250-C81F8523F839}.Debug|x86.Build.0 = Debug|Win32
		{130E64F9-7218-41BF-B250-C81F8523F839}.Release|x64.ActiveCfg = Release|x64
		{130E64F9-7218-41BF-B250-C81F8523F839}.Release|x64.Build.0 = Release|x64
		{130E64F9-7218-41BF-B250-C81F8523F839}.Release|x86.ActiveCfg = Release|Win32
		{130E64F9-7218-41BF-B250-C81F8523F839}.Release|x86.Build.0 = Release|Win32
		{9709EF11-A7E7-45BE-A7B0-43D476CD7344}.Debug|x64.ActiveCfg = Debug|x64
		{9709EF11-A7E7-45BE-A7B0-43D476CD7344}.Debug|x64.Build.0 = Debug|x64
		{9709EF11-A7E7-45BE-A7B0-43D476CD7344}.Debug|x86.ActiveCfg = Debug|Win32
		{9709EF11-A7E7-45BE-A7B0-43D476CD7344}.Debug|x86.Build.0 = Debug|Win32
		{9709EF11-A7E7-45BE-A7B0-43D476CD7344}.Release|x64.ActiveCfg = Release|x64
		{9709EF11-A7E7-45BE-A7B0-43D476CD7344}.Release|x64.Build.0 = Release|x64
		{9709EF11-A7E7-45BE-A7B0-43D476CD7344}.Release|x86.ActiveCfg = Release|Win32
		{9709EF11-A7E7-45BE-A7B0-43D476CD7344}.Release|x86.Build.0 = Release|Win32
		{5EAEC67E-8893-4335-B0C8-51D9651A6B4C}.Debug|x64.ActiveCfg = Debug|x64
		{5EAEC67E-8893-4335-B0C8-51D9651A6B4C}.Debug|x64.Build.0 = Debug|x64
		{5EAEC67E-8893-4335-B0C8-51D9651A6B4C}.Debug|x86.ActiveCfg = Debug|Win32
		{5EAEC67E-8893-4335-B0C8-51D9651A6B4C}.Debug|x86.Build.0 = Debug|Win32
		{5EAEC67E-8893-4335-B0C8-51D9651A6B4C}.Release|x64.ActiveCfg = Release|x64
		{5EAEC67E-8893-4335-B0C8-51D9651A6B4C}.Release|x64.Build.0 = Release|x64
		{5EAEC67E-8893-4335-B0C8-51D9651A6B4C}.Release|x86.ActiveCfg = Release|Win32
		{5EAEC67E-8893-4335-B0C8-51D9651A6B4C}.Release|x86.Build.0 = Release|Win32
		{B4A7F5AD-748E-464F-A320-0CD5C6F6A7D8}.Debug|x64.ActiveCfg = Debug|x64
		{B4A7F5AD-748E-464F-A320-0CD5C6F6A7D8}.Debug|x64.Build.0 = Debug|x64
		{B4A7F5AD-748E-464F-A320-0CD5C6F6A7D8}.Debug|x86.ActiveCfg = Debug|Win32
		{B4A7F5AD-748E-464F-A320-0CD5C6F6A7D8}.Debug|x86.Build.0 = Debug|Win32
		{B4A7F5AD-748E-464F-A320-0CD5C6F6A7D8}.Release|x64.ActiveCfg = Release|x64
		{B4A7F5AD-748E-464F-A320-0CD5C6F6A7D8}.Release|x64.Build.0 = Release|x64
		{B4A7F5AD-748E-464F-A320-0CD5C6F6A7D8}.Release|x86.ActiveCfg = Release|Win32
		{B4A7F5AD-748E-464F-A320-0CD5C6F6A7D8}.Release|x86.Build.0 = Release|Win32
		{FB2BB6CC-6B1D-49B9-842E-093F13D9A28B}.Debug|x64.ActiveCfg = Debug|x64
		{FB2BB6CC-6B1D-49B9-842E-093F13D9A28B}.Debug|x64.Build.0 = Debug|x64
		{FB2BB6CC-6B1D-49B9-842E-093F13D9A28B}.Debug|x86.ActiveCfg = Debug|Win32
		{FB2BB6CC-6B1D-49B9-842E-093F13D9A28B}.Debug|x86.Build.0 = Debug|Win32
		{FB2BB6CC-6B1D-49B9-842E-093F13D9A28B}.Release|x64.ActiveCfg = Release|x64
		{FB2BB6CC-6B1D-49B9-842E-093F13D9A28B}.Release|x64.Build.0 = Release|x64
		{FB2BB6CC-6B1D-49B9-842E-093F13D9A28B}.Release|x86.ActiveCfg = Release|Win32
		{FB2BB6CC-6B1D-49B9-842E-093F13D9A28B}.Release|x86.Build.0 = Release|Win32
		{F8A72890-AF5E-4422-8EEB-4EF154DDE34B}.Debug|x64.ActiveCfg = Debug|x64
		{F8A72890-AF5E-4422-8EEB-4EF154DDE34B}.Debug|x64.Build.0 = Debug|x64
		{F8A72890-AF5E-4422-8EEB-4EF154DDE34B}.Debug|x86.ActiveCfg = Debug|Win32
		{F8A72890-AF5E-4422-8EEB-4EF154DDE34B}.Debug|x86.Build.0 = Debug|Win32
		{F8A72890-AF5E-4422-8EEB-4EF154DDE34B}.Release|x64.ActiveCfg = Release|x64
		{F8A72890-AF5E-4422-8EEB-4EF154DDE34B}.Release|x64.Build.0 = Release|x64
		{F8A72890-AF5E-4422-8EEB-4EF154DDE34B}.Release|x86.ActiveCfg = Release|Win32
		{F8A72890-AF5E-4422-8EEB-4EF154DDE34B}.Release|x86.Build.0 = Release|Win32
		{CB0FF369-FBAF-45A2-B15E-87B9CA365C58}.Debug|x64.ActiveCfg = Debug|x64
		{CB0FF369-FBAF-45A2-B15E-87B9CA365C58}.Debug|x64.Build.0 = Debug|x64
		{CB0FF369-FBAF-45A2-B15E-87B9CA365C58}.Debug|x86.ActiveCfg = Debug|Win32
		{CB0FF369-FBAF-45A2-B15E-87B9CA365C58}.Debug|x86.Build.0 = Debug|Win32
		{CB0FF369-FBAF-45A2-B15E-87B9CA365C58}.Release|x64.ActiveCfg = Release|x64
		{CB0FF369-FBAF-45A2-B15E-87B9CA365C58}.Release|x64.Build.0 = Release|x64
		{CB0FF369-FBAF-45A2-B15E-87B9CA365C58}.Release|x86.ActiveCfg = Release|Win32
		{CB0FF369-FBAF-45A2-B15E-87B9CA365C58}.Release|x86.Build.0 = Release|Win32
	EndGlobalSection
	GlobalSection(SolutionProperties) = preSolution
		HideSolutionNode = FALSE
	EndGlobalSection
	GlobalSection(ExtensibilityGlobals) = postSolution
		SolutionGuid = {540DBE61-8785-4390-8FF5-91286A30EDA5}
	EndGlobalSection
EndGlobal
